
Microsoft Visual Studio Solution File, Format Version 12.00
# Visual Studio Version 17
VisualStudioVersion = 17.7.34018.315
MinimumVisualStudioVersion = 10.0.40219.1
Project("{FAE04EC0-301F-11D3-BF4B-00C04F79EFBC}") = "Github Example", "Github Example\Github Example.csproj", "{849999C5-1FF4-4177-9770-5882F6B81A1A}"
EndProject
Global
	GlobalSection(SolutionConfigurationPlatforms) = preSolution
		Debug|Any CPU = Debug|Any CPU
		Release|Any CPU = Release|Any CPU
	EndGlobalSection
	GlobalSection(ProjectConfigurationPlatforms) = postSolution
		{849999C5-1FF4-4177-9770-5882F6B81A1A}.Debug|Any CPU.ActiveCfg = Debug|Any CPU
		{849999C5-1FF4-4177-9770-5882F6B81A1A}.Debug|Any CPU.Build.0 = Debug|Any CPU
		{849999C5-1FF4-4177-9770-5882F6B81A1A}.Release|Any CPU.ActiveCfg = Release|Any CPU
		{849999C5-1FF4-4177-9770-5882F6B81A1A}.Release|Any CPU.Build.0 = Release|Any CPU
	EndGlobalSection
	GlobalSection(SolutionProperties) = preSolution
		HideSolutionNode = FALSE
	EndGlobalSection
	GlobalSection(ExtensibilityGlobals) = postSolution
		SolutionGuid = {1B521534-5162-44D0-A63C-04167A55C99D}
	EndGlobalSection
EndGlobal
